
Microsoft Visual Studio Solution File, Format Version 12.00
# Visual Studio 15
VisualStudioVersion = 15.0.27130.2027
MinimumVisualStudioVersion = 10.0.40219.1
Project("{FAE04EC0-301F-11D3-BF4B-00C04F79EFBC}") = "Academic", "Academic\Academic.csproj", "{B98BBE72-7849-4D28-8498-FFFE736032B3}"
EndProject
Global
	GlobalSection(SolutionConfigurationPlatforms) = preSolution
		Debug|Any CPU = Debug|Any CPU
		Release|Any CPU = Release|Any CPU
	EndGlobalSection
	GlobalSection(ProjectConfigurationPlatforms) = postSolution
		{B98BBE72-7849-4D28-8498-FFFE736032B3}.Debug|Any CPU.ActiveCfg = Debug|Any CPU
		{B98BBE72-7849-4D28-8498-FFFE736032B3}.Debug|Any CPU.Build.0 = Debug|Any CPU
		{B98BBE72-7849-4D28-8498-FFFE736032B3}.Release|Any CPU.ActiveCfg = Release|Any CPU
		{B98BBE72-7849-4D28-8498-FFFE736032B3}.Release|Any CPU.Build.0 = Release|Any CPU
	EndGlobalSection
	GlobalSection(SolutionProperties) = preSolution
		HideSolutionNode = FALSE
	EndGlobalSection
	GlobalSection(ExtensibilityGlobals) = postSolution
		SolutionGuid = {51352EA4-F9B2-4F24-BDB7-C4FEE80AD21B}
	EndGlobalSection
EndGlobal
